
Microsoft Visual Studio Solution File, Format Version 12.00
# Visual Studio Version 16
VisualStudioVersion = 16.0.29326.143
MinimumVisualStudioVersion = 10.0.40219.1
Project("{FAE04EC0-301F-11D3-BF4B-00C04F79EFBC}") = "ProjetoZero", "ProjetoZero.csproj", "{70B07992-C6B3-4A47-AF73-087A16F49791}"
EndProject
Global
	GlobalSection(SolutionConfigurationPlatforms) = preSolution
		Debug|Any CPU = Debug|Any CPU
		Release|Any CPU = Release|Any CPU
	EndGlobalSection
	GlobalSection(ProjectConfigurationPlatforms) = postSolution
		{70B07992-C6B3-4A47-AF73-087A16F49791}.Debug|Any CPU.ActiveCfg = Debug|Any CPU
		{70B07992-C6B3-4A47-AF73-087A16F49791}.Debug|Any CPU.Build.0 = Debug|Any CPU
		{70B07992-C6B3-4A47-AF73-087A16F49791}.Release|Any CPU.ActiveCfg = Release|Any CPU
		{70B07992-C6B3-4A47-AF73-087A16F49791}.Release|Any CPU.Build.0 = Release|Any CPU
	EndGlobalSection
	GlobalSection(SolutionProperties) = preSolution
		HideSolutionNode = FALSE
	EndGlobalSection
	GlobalSection(ExtensibilityGlobals) = postSolution
		SolutionGuid = {EEA19A07-687E-42F0-94ED-983EBF1F0393}
	EndGlobalSection
EndGlobal
