
Microsoft Visual Studio Solution File, Format Version 12.00
# Visual Studio Version 16
VisualStudioVersion = 16.0.29326.143
MinimumVisualStudioVersion = 10.0.40219.1
Project("{FAE04EC0-301F-11D3-BF4B-00C04F79EFBC}") = "EstruturaMVC", "EstruturaMVC\EstruturaMVC.csproj", "{1FEAFEB2-E4BF-4AFF-8513-C4DF14CB7AA1}"
EndProject
Global
	GlobalSection(SolutionConfigurationPlatforms) = preSolution
		Debug|Any CPU = Debug|Any CPU
		Release|Any CPU = Release|Any CPU
	EndGlobalSection
	GlobalSection(ProjectConfigurationPlatforms) = postSolution
		{1FEAFEB2-E4BF-4AFF-8513-C4DF14CB7AA1}.Debug|Any CPU.ActiveCfg = Debug|Any CPU
		{1FEAFEB2-E4BF-4AFF-8513-C4DF14CB7AA1}.Debug|Any CPU.Build.0 = Debug|Any CPU
		{1FEAFEB2-E4BF-4AFF-8513-C4DF14CB7AA1}.Release|Any CPU.ActiveCfg = Release|Any CPU
		{1FEAFEB2-E4BF-4AFF-8513-C4DF14CB7AA1}.Release|Any CPU.Build.0 = Release|Any CPU
	EndGlobalSection
	GlobalSection(SolutionProperties) = preSolution
		HideSolutionNode = FALSE
	EndGlobalSection
	GlobalSection(ExtensibilityGlobals) = postSolution
		SolutionGuid = {9C49D5D3-E005-411B-A84A-F566939C7184}
	EndGlobalSection
EndGlobal
